{
  "name": "ngoprek-llm",
  "version": "0.0.1",
  "lockfileVersion": 3,
  "requires": true,
  "packages": {
    "": {
      "name": "ngoprek-llm",
      "version": "0.0.1",
      "dependencies": {
        "nbb": "~1.2.174"
      },
      "engines": {
        "node": ">=18"
      }
    },
    "node_modules/import-meta-resolve": {
      "version": "2.2.2",
      "resolved": "https://registry.npmjs.org/import-meta-resolve/-/import-meta-resolve-2.2.2.tgz",
      "integrity": "sha512-f8KcQ1D80V7RnqVm+/lirO9zkOxjGxhaTC1IPrBGd3MEfNgmNG67tSUO9gTi2F3Blr2Az6g1vocaxzkVnWl9MA==",
      "funding": {
        "type": "github",
        "url": "https://github.com/sponsors/wooorm"
      }
    },
    "node_modules/nbb": {
      "version": "1.2.174",
      "resolved": "https://registry.npmjs.org/nbb/-/nbb-1.2.174.tgz",
      "integrity": "sha512-Yw/hBgV4SHOxqrElHip+/7zKwtnxsgPqsOWgCRluMcoL0B1yB+bYx67yWH64E64REIk8u12D7LVwXGg9R/0b7g==",
      "dependencies": {
        "import-meta-resolve": "^2.1.0"
      },
      "bin": {
        "nbb": "cli.js",
        "nbbun": "nbbun.js"
      }
    }
  }
}
